
Microsoft Visual Studio Solution File, Format Version 12.00
# Visual Studio Version 17
VisualStudioVersion = 17.11.35312.102
MinimumVisualStudioVersion = 10.0.40219.1
Project("{888888A0-9F3D-457C-B088-3A5042F75D52}") = "BinaryTree", "BinaryTree.pyproj", "{F588C0CF-64DC-4BBF-957C-C52A9AB5AC0B}"
EndProject
Global
	GlobalSection(SolutionConfigurationPlatforms) = preSolution
		Debug|Any CPU = Debug|Any CPU
		Release|Any CPU = Release|Any CPU
	EndGlobalSection
	GlobalSection(ProjectConfigurationPlatforms) = postSolution
		{F588C0CF-64DC-4BBF-957C-C52A9AB5AC0B}.Debug|Any CPU.ActiveCfg = Debug|Any CPU
		{F588C0CF-64DC-4BBF-957C-C52A9AB5AC0B}.Release|Any CPU.ActiveCfg = Release|Any CPU
	EndGlobalSection
	GlobalSection(SolutionProperties) = preSolution
		HideSolutionNode = FALSE
	EndGlobalSection
	GlobalSection(ExtensibilityGlobals) = postSolution
		SolutionGuid = {2707CB33-4908-4E87-9B78-328D8C3E5D03}
	EndGlobalSection
EndGlobal
